
Microsoft Visual Studio Solution File, Format Version 12.00
# Visual Studio 15
VisualStudioVersion = 15.0.28010.2036
MinimumVisualStudioVersion = 10.0.40219.1
Project("{FAE04EC0-301F-11D3-BF4B-00C04F79EFBC}") = "7 erreures", "7 erreures\7 erreures.csproj", "{4D87649D-E5C6-48E4-B28F-9DE515B90449}"
EndProject
Global
	GlobalSection(SolutionConfigurationPlatforms) = preSolution
		Debug|Any CPU = Debug|Any CPU
		Release|Any CPU = Release|Any CPU
	EndGlobalSection
	GlobalSection(ProjectConfigurationPlatforms) = postSolution
		{4D87649D-E5C6-48E4-B28F-9DE515B90449}.Debug|Any CPU.ActiveCfg = Debug|Any CPU
		{4D87649D-E5C6-48E4-B28F-9DE515B90449}.Debug|Any CPU.Build.0 = Debug|Any CPU
		{4D87649D-E5C6-48E4-B28F-9DE515B90449}.Release|Any CPU.ActiveCfg = Release|Any CPU
		{4D87649D-E5C6-48E4-B28F-9DE515B90449}.Release|Any CPU.Build.0 = Release|Any CPU
	EndGlobalSection
	GlobalSection(SolutionProperties) = preSolution
		HideSolutionNode = FALSE
	EndGlobalSection
	GlobalSection(ExtensibilityGlobals) = postSolution
		SolutionGuid = {2FF193E8-9AFE-45D7-8259-848C982CFDAB}
	EndGlobalSection
EndGlobal
